{
  "nodes": {
    "home-manager": {
      "inputs": {
        "nixpkgs": [
          "nixpkgs"
        ]
      },
      "locked": {
        "lastModified": 1768800980,
        "narHash": "sha256-pwqj9fG6gqtBhtlirs3z4bIpYTyL6A+15nVZdRbwcSo=",
        "owner": "appsforartists",
        "repo": "home-manager",
        "rev": "2aea9f4118c7f3960a9fcc51530bd724f08debb3",
        "type": "github"
      },
      "original": {
        "owner": "appsforartists",
        "repo": "home-manager",
        "type": "github"
      }
    },
    "nixpkgs": {
      "locked": {
        "lastModified": 1769541240,
        "narHash": "sha256-3AGoAwiPwNzWwKnz50Vo6ILPvcwzsi/7Rq+kZu+dXRk=",
        "owner": "appsforartists",
        "repo": "nixpkgs",
        "rev": "b8cb21d6a87f07cc39a58c7cf1c21c8f7a045b7c",
        "type": "github"
      },
      "original": {
        "owner": "appsforartists",
        "repo": "nixpkgs",
        "type": "github"
      }
    },
    "plasma-manager": {
      "inputs": {
        "home-manager": [
          "home-manager"
        ],
        "nixpkgs": [
          "nixpkgs"
        ]
      },
      "locked": {
        "lastModified": 1767662275,
        "narHash": "sha256-d5Q1GmQ+sW1Bt8cgDE0vOihzLaswsm8cSdg8124EqXE=",
        "owner": "nix-community",
        "repo": "plasma-manager",
        "rev": "51816be33a1ff0d4b22427de83222d5bfa96d30e",
        "type": "github"
      },
      "original": {
        "owner": "nix-community",
        "repo": "plasma-manager",
        "type": "github"
      }
    },
    "root": {
      "inputs": {
        "home-manager": "home-manager",
        "nixpkgs": "nixpkgs",
        "plasma-manager": "plasma-manager"
      }
    }
  },
  "root": "root",
  "version": 7
}
