{
  "nodes": {
    "flake-parts": {
      "inputs": {
        "nixpkgs-lib": "nixpkgs-lib"
      },
      "locked": {
        "lastModified": 1704152458,
        "narHash": "sha256-DS+dGw7SKygIWf9w4eNBUZsK+4Ug27NwEWmn2tnbycg=",
        "owner": "hercules-ci",
        "repo": "flake-parts",
        "rev": "88a2cd8166694ba0b6cb374700799cec53aef527",
        "type": "github"
      },
      "original": {
        "owner": "hercules-ci",
        "repo": "flake-parts",
        "type": "github"
      }
    },
    "gnome-mobile-experimental": {
      "locked": {
        "lastModified": 1704794605,
        "narHash": "sha256-Se0Tp7Gwekx84ultq62ocd14om3x4VSlgKsuK04pt5I=",
        "owner": "chuangzhu",
        "repo": "nixpkgs-gnome-mobile",
        "rev": "fce9ad26677c1dd1127f210a7d49f28f24fca46f",
        "type": "github"
      },
      "original": {
        "owner": "chuangzhu",
        "repo": "nixpkgs-gnome-mobile",
        "type": "github"
      }
    },
    "jovian": {
      "inputs": {
        "nix-github-actions": "nix-github-actions",
        "nixpkgs": [
          "nixpkgs"
        ]
      },
      "locked": {
        "lastModified": 1703890973,
        "narHash": "sha256-PAEnDxSweS4+cT6BBQ+nxUHDHj8xvDgGkRB4B/4wnTQ=",
        "owner": "Jovian-Experiments",
        "repo": "Jovian-NixOS",
        "rev": "f6449e2cc38f2be0a32f1d6e9caf50c4c76898b7",
        "type": "github"
      },
      "original": {
        "owner": "Jovian-Experiments",
        "repo": "Jovian-NixOS",
        "rev": "f6449e2cc38f2be0a32f1d6e9caf50c4c76898b7",
        "type": "github"
      }
    },
    "nix-gaming": {
      "inputs": {
        "flake-parts": "flake-parts",
        "nixpkgs": [
          "nixpkgs"
        ]
      },
      "locked": {
        "lastModified": 1704590450,
        "narHash": "sha256-9wUJ0irPrkukEUiqjXQev961l0sa0vgNlu9SW4GDV+E=",
        "owner": "fufexan",
        "repo": "nix-gaming",
        "rev": "7a393401bd9212a5635e82dede0198d3e9602d41",
        "type": "github"
      },
      "original": {
        "owner": "fufexan",
        "repo": "nix-gaming",
        "type": "github"
      }
    },
    "nix-github-actions": {
      "inputs": {
        "nixpkgs": [
          "jovian",
          "nixpkgs"
        ]
      },
      "locked": {
        "lastModified": 1690328911,
        "narHash": "sha256-fxtExYk+aGf2YbjeWQ8JY9/n9dwuEt+ma1eUFzF8Jeo=",
        "owner": "zhaofengli",
        "repo": "nix-github-actions",
        "rev": "96df4a39c52f53cb7098b923224d8ce941b64747",
        "type": "github"
      },
      "original": {
        "owner": "zhaofengli",
        "ref": "matrix-name",
        "repo": "nix-github-actions",
        "type": "github"
      }
    },
    "nixpkgs": {
      "locked": {
        "lastModified": 1705516499,
        "narHash": "sha256-qhUGXCm4R+TDk6K/gYmRgVRzL0JYRvU3XsfRjlUpoB0=",
        "ref": "refs/heads/appsforartists",
        "rev": "f0edb1db58bfdb9cc10f821f43aebca77e7ec16c",
        "revCount": 552623,
        "type": "git",
        "url": "file:///home/brenton/Projects/nixpkgs"
      },
      "original": {
        "type": "git",
        "url": "file:///home/brenton/Projects/nixpkgs"
      }
    },
    "nixpkgs-lib": {
      "locked": {
        "dir": "lib",
        "lastModified": 1703961334,
        "narHash": "sha256-M1mV/Cq+pgjk0rt6VxoyyD+O8cOUiai8t9Q6Yyq4noY=",
        "owner": "NixOS",
        "repo": "nixpkgs",
        "rev": "b0d36bd0a420ecee3bc916c91886caca87c894e9",
        "type": "github"
      },
      "original": {
        "dir": "lib",
        "owner": "NixOS",
        "ref": "nixos-unstable",
        "repo": "nixpkgs",
        "type": "github"
      }
    },
    "root": {
      "inputs": {
        "gnome-mobile-experimental": "gnome-mobile-experimental",
        "jovian": "jovian",
        "nix-gaming": "nix-gaming",
        "nixpkgs": "nixpkgs"
      }
    }
  },
  "root": "root",
  "version": 7
}
