{
  "nodes": {
    "flake-parts": {
      "inputs": {
        "nixpkgs-lib": "nixpkgs-lib"
      },
      "locked": {
        "lastModified": 1704152458,
        "narHash": "sha256-DS+dGw7SKygIWf9w4eNBUZsK+4Ug27NwEWmn2tnbycg=",
        "owner": "hercules-ci",
        "repo": "flake-parts",
        "rev": "88a2cd8166694ba0b6cb374700799cec53aef527",
        "type": "github"
      },
      "original": {
        "owner": "hercules-ci",
        "repo": "flake-parts",
        "type": "github"
      }
    },
    "gnome-mobile-experimental": {
      "locked": {
        "lastModified": 1701146445,
        "narHash": "sha256-X9+h/uJLuXCrgOe2/Q2ua46dXC2lyH6jpRXLonvIq8s=",
        "owner": "chuangzhu",
        "repo": "nixpkgs-gnome-mobile",
        "rev": "2b21b49efa1fec2d7744ff20de01115f98e96ad3",
        "type": "github"
      },
      "original": {
        "owner": "chuangzhu",
        "repo": "nixpkgs-gnome-mobile",
        "type": "github"
      }
    },
    "jovian": {
      "inputs": {
        "nix-github-actions": "nix-github-actions",
        "nixpkgs": [
          "nixpkgs"
        ]
      },
      "locked": {
        "lastModified": 1703890973,
        "narHash": "sha256-PAEnDxSweS4+cT6BBQ+nxUHDHj8xvDgGkRB4B/4wnTQ=",
        "owner": "Jovian-Experiments",
        "repo": "Jovian-NixOS",
        "rev": "f6449e2cc38f2be0a32f1d6e9caf50c4c76898b7",
        "type": "github"
      },
      "original": {
        "owner": "Jovian-Experiments",
        "repo": "Jovian-NixOS",
        "rev": "f6449e2cc38f2be0a32f1d6e9caf50c4c76898b7",
        "type": "github"
      }
    },
    "nix-gaming": {
      "inputs": {
        "flake-parts": "flake-parts",
        "nixpkgs": [
          "nixpkgs"
        ]
      },
      "locked": {
        "lastModified": 1704590450,
        "narHash": "sha256-9wUJ0irPrkukEUiqjXQev961l0sa0vgNlu9SW4GDV+E=",
        "owner": "fufexan",
        "repo": "nix-gaming",
        "rev": "7a393401bd9212a5635e82dede0198d3e9602d41",
        "type": "github"
      },
      "original": {
        "owner": "fufexan",
        "repo": "nix-gaming",
        "type": "github"
      }
    },
    "nix-github-actions": {
      "inputs": {
        "nixpkgs": [
          "jovian",
          "nixpkgs"
        ]
      },
      "locked": {
        "lastModified": 1690328911,
        "narHash": "sha256-fxtExYk+aGf2YbjeWQ8JY9/n9dwuEt+ma1eUFzF8Jeo=",
        "owner": "zhaofengli",
        "repo": "nix-github-actions",
        "rev": "96df4a39c52f53cb7098b923224d8ce941b64747",
        "type": "github"
      },
      "original": {
        "owner": "zhaofengli",
        "ref": "matrix-name",
        "repo": "nix-github-actions",
        "type": "github"
      }
    },
    "nixpkgs": {
      "locked": {
        "lastModified": 1704687594,
        "narHash": "sha256-6gQxJetOhgTuejp4ii0l8IcyP2dPHetxe5hz8wtmbFw=",
        "ref": "refs/heads/appsforartists",
        "rev": "e7cce90f31b1aa36bacf7d05d45dd2c06992bf10",
        "revCount": 552621,
        "type": "git",
        "url": "file:///home/brenton/Projects/nixpkgs"
      },
      "original": {
        "type": "git",
        "url": "file:///home/brenton/Projects/nixpkgs"
      }
    },
    "nixpkgs-lib": {
      "locked": {
        "dir": "lib",
        "lastModified": 1703961334,
        "narHash": "sha256-M1mV/Cq+pgjk0rt6VxoyyD+O8cOUiai8t9Q6Yyq4noY=",
        "owner": "NixOS",
        "repo": "nixpkgs",
        "rev": "b0d36bd0a420ecee3bc916c91886caca87c894e9",
        "type": "github"
      },
      "original": {
        "dir": "lib",
        "owner": "NixOS",
        "ref": "nixos-unstable",
        "repo": "nixpkgs",
        "type": "github"
      }
    },
    "root": {
      "inputs": {
        "gnome-mobile-experimental": "gnome-mobile-experimental",
        "jovian": "jovian",
        "nix-gaming": "nix-gaming",
        "nixpkgs": "nixpkgs"
      }
    }
  },
  "root": "root",
  "version": 7
}
